
Microsoft Visual Studio Solution File, Format Version 12.00
# Visual Studio 2017
Project("{FAE04EC0-301F-11D3-BF4B-00C04F79EFBC}") = "ZombieShooter", "ZombieShooter.csproj", "{73D2C5C5-A3CF-E4C3-D719-4E7EC00F9A4E}"
EndProject
Project("{FAE04EC0-301F-11D3-BF4B-00C04F79EFBC}") = "ZombieShooter.Editor", "ZombieShooter.Editor.csproj", "{27CADB50-5991-63B4-7928-37F75A2166E0}"
EndProject
Global
	GlobalSection(SolutionConfigurationPlatforms) = preSolution
		Debug|Any CPU = Debug|Any CPU
		Release|Any CPU = Release|Any CPU
	EndGlobalSection
	GlobalSection(ProjectConfigurationPlatforms) = postSolution
		{73D2C5C5-A3CF-E4C3-D719-4E7EC00F9A4E}.Debug|Any CPU.ActiveCfg = Debug|Any CPU
		{73D2C5C5-A3CF-E4C3-D719-4E7EC00F9A4E}.Debug|Any CPU.Build.0 = Debug|Any CPU
		{73D2C5C5-A3CF-E4C3-D719-4E7EC00F9A4E}.Release|Any CPU.ActiveCfg = Release|Any CPU
		{73D2C5C5-A3CF-E4C3-D719-4E7EC00F9A4E}.Release|Any CPU.Build.0 = Release|Any CPU
		{27CADB50-5991-63B4-7928-37F75A2166E0}.Debug|Any CPU.ActiveCfg = Debug|Any CPU
		{27CADB50-5991-63B4-7928-37F75A2166E0}.Debug|Any CPU.Build.0 = Debug|Any CPU
		{27CADB50-5991-63B4-7928-37F75A2166E0}.Release|Any CPU.ActiveCfg = Release|Any CPU
		{27CADB50-5991-63B4-7928-37F75A2166E0}.Release|Any CPU.Build.0 = Release|Any CPU
	EndGlobalSection
	GlobalSection(SolutionProperties) = preSolution
		HideSolutionNode = FALSE
	EndGlobalSection
EndGlobal
